// !$*UTF8*$!
{
	archiveVersion = 1;
	classes = {
	};
	objectVersion = 46;
	objects = {

/* Begin PBXBuildFile section */
		A5DAB9F81CE2745C0056D21C /* AppDelegate.swift in Sources */ = {isa = PBXBuildFile; fileRef = A5DAB9ED1CE2745C0056D21C /* AppDelegate.swift */; };
		A5DAB9F91CE2745C0056D21C /* Assets.xcassets in Resources */ = {isa = PBXBuildFile; fileRef = A5DAB9EE1CE2745C0056D21C /* Assets.xcassets */; };
		A5DAB9FA1CE2745C0056D21C /* LaunchScreen.storyboard in Resources */ = {isa = PBXBuildFile; fileRef = A5DAB9EF1CE2745C0056D21C /* LaunchScreen.storyboard */; };
		A5DAB9FB1CE2745C0056D21C /* Main.storyboard in Resources */ = {isa = PBXBuildFile; fileRef = A5DAB9F11CE2745C0056D21C /* Main.storyboard */; };
		A5DAB9FC1CE2745C0056D21C /* Info.plist in Resources */ = {isa = PBXBuildFile; fileRef = A5DAB9F31CE2745C0056D21C /* Info.plist */; };
		A5DAB9FD1CE2745C0056D21C /* MyCustomButton.swift in Sources */ = {isa = PBXBuildFile; fileRef = A5DAB9F41CE2745C0056D21C /* MyCustomButton.swift */; };
		A5DAB9FE1CE2745C0056D21C /* UIWebViewController.swift in Sources */ = {isa = PBXBuildFile; fileRef = A5DAB9F51CE2745C0056D21C /* UIWebViewController.swift */; };
		A5DAB9FF1CE2745C0056D21C /* ViewController.swift in Sources */ = {isa = PBXBuildFile; fileRef = A5DAB9F61CE2745C0056D21C /* ViewController.swift */; };
		A5DABA001CE2745C0056D21C /* WkWebViewController.swift in Sources */ = {isa = PBXBuildFile; fileRef = A5DAB9F71CE2745C0056D21C /* WkWebViewController.swift */; };
/* End PBXBuildFile section */

/* Begin PBXFileReference section */
		8D9F84901CDCA590001719E0 /* WebViewLoader.app */ = {isa = PBXFileReference; explicitFileType = wrapper.application; includeInIndex = 0; path = WebViewLoader.app; sourceTree = BUILT_PRODUCTS_DIR; };
		A5DAB9ED1CE2745C0056D21C /* AppDelegate.swift */ = {isa = PBXFileReference; fileEncoding = 4; lastKnownFileType = sourcecode.swift; path = AppDelegate.swift; sourceTree = "<group>"; };
		A5DAB9EE1CE2745C0056D21C /* Assets.xcassets */ = {isa = PBXFileReference; lastKnownFileType = folder.assetcatalog; path = Assets.xcassets; sourceTree = "<group>"; };
		A5DAB9F01CE2745C0056D21C /* Base */ = {isa = PBXFileReference; lastKnownFileType = file.storyboard; name = Base; path = Base.lproj/LaunchScreen.storyboard; sourceTree = "<group>"; };
		A5DAB9F21CE2745C0056D21C /* Base */ = {isa = PBXFileReference; lastKnownFileType = file.storyboard; name = Base; path = Base.lproj/Main.storyboard; sourceTree = "<group>"; };
		A5DAB9F31CE2745C0056D21C /* Info.plist */ = {isa = PBXFileReference; fileEncoding = 4; lastKnownFileType = text.plist.xml; path = Info.plist; sourceTree = "<group>"; };
		A5DAB9F41CE2745C0056D21C /* MyCustomButton.swift */ = {isa = PBXFileReference; fileEncoding = 4; lastKnownFileType = sourcecode.swift; path = MyCustomButton.swift; sourceTree = "<group>"; };
		A5DAB9F51CE2745C0056D21C /* UIWebViewController.swift */ = {isa = PBXFileReference; fileEncoding = 4; lastKnownFileType = sourcecode.swift; path = UIWebViewController.swift; sourceTree = "<group>"; };
		A5DAB9F61CE2745C0056D21C /* ViewController.swift */ = {isa = PBXFileReference; fileEncoding = 4; lastKnownFileType = sourcecode.swift; path = ViewController.swift; sourceTree = "<group>"; };
		A5DAB9F71CE2745C0056D21C /* WkWebViewController.swift */ = {isa = PBXFileReference; fileEncoding = 4; lastKnownFileType = sourcecode.swift; path = WkWebViewController.swift; sourceTree = "<group>"; };
/* End PBXFileReference section */

/* Begin PBXFrameworksBuildPhase section */
		8D9F848D1CDCA590001719E0 /* Frameworks */ = {
			isa = PBXFrameworksBuildPhase;
			buildActionMask = 2147483647;
			files = (
			);
			runOnlyForDeploymentPostprocessing = 0;
		};
/* End PBXFrameworksBuildPhase section */

/* Begin PBXGroup section */
		8D9F84871CDCA590001719E0 = {
			isa = PBXGroup;
			children = (
				A5DAB9EC1CE2745C0056D21C /* WebViewLoader */,
				8D9F84911CDCA590001719E0 /* Products */,
			);
			sourceTree = "<group>";
		};
		8D9F84911CDCA590001719E0 /* Products */ = {
			isa = PBXGroup;
			children = (
				8D9F84901CDCA590001719E0 /* WebViewLoader.app */,
			);
			name = Products;
			sourceTree = "<group>";
		};
		A5DAB9EC1CE2745C0056D21C /* WebViewLoader */ = {
			isa = PBXGroup;
			children = (
				A5DAB9ED1CE2745C0056D21C /* AppDelegate.swift */,
				A5DAB9EE1CE2745C0056D21C /* Assets.xcassets */,
				A5DAB9EF1CE2745C0056D21C /* LaunchScreen.storyboard */,
				A5DAB9F11CE2745C0056D21C /* Main.storyboard */,
				A5DAB9F31CE2745C0056D21C /* Info.plist */,
				A5DAB9F41CE2745C0056D21C /* MyCustomButton.swift */,
				A5DAB9F51CE2745C0056D21C /* UIWebViewController.swift */,
				A5DAB9F61CE2745C0056D21C /* ViewController.swift */,
				A5DAB9F71CE2745C0056D21C /* WkWebViewController.swift */,
			);
			path = WebViewLoader;
			sourceTree = "<group>";
		};
/* End PBXGroup section */

/* Begin PBXNativeTarget section */
		8D9F848F1CDCA590001719E0 /* WebViewLoader */ = {
			isa = PBXNativeTarget;
			buildConfigurationList = 8D9F84A21CDCA590001719E0 /* Build configuration list for PBXNativeTarget "WebViewLoader" */;
			buildPhases = (
				8D9F848C1CDCA590001719E0 /* Sources */,
				8D9F848D1CDCA590001719E0 /* Frameworks */,
				8D9F848E1CDCA590001719E0 /* Resources */,
			);
			buildRules = (
			);
			dependencies = (
			);
			name = WebViewLoader;
			productName = WebViewLoader;
			productReference = 8D9F84901CDCA590001719E0 /* WebViewLoader.app */;
			productType = "com.apple.product-type.application";
		};
/* End PBXNativeTarget section */

/* Begin PBXProject section */
		8D9F84881CDCA590001719E0 /* Project object */ = {
			isa = PBXProject;
			attributes = {
				LastSwiftUpdateCheck = 0730;
				LastUpgradeCheck = 0730;
				ORGANIZATIONNAME = synchronized;
				TargetAttributes = {
					8D9F848F1CDCA590001719E0 = {
						CreatedOnToolsVersion = 7.3;
						DevelopmentTeam = R434ZE6BK6;
					};
				};
			};
			buildConfigurationList = 8D9F848B1CDCA590001719E0 /* Build configuration list for PBXProject "WebViewLoader" */;
			compatibilityVersion = "Xcode 3.2";
			developmentRegion = English;
			hasScannedForEncodings = 0;
			knownRegions = (
				en,
				Base,
			);
			mainGroup = 8D9F84871CDCA590001719E0;
			productRefGroup = 8D9F84911CDCA590001719E0 /* Products */;
			projectDirPath = "";
			projectRoot = "";
			targets = (
				8D9F848F1CDCA590001719E0 /* WebViewLoader */,
			);
		};
/* End PBXProject section */

/* Begin PBXResourcesBuildPhase section */
		8D9F848E1CDCA590001719E0 /* Resources */ = {
			isa = PBXResourcesBuildPhase;
			buildActionMask = 2147483647;
			files = (
				A5DAB9F91CE2745C0056D21C /* Assets.xcassets in Resources */,
				A5DAB9FB1CE2745C0056D21C /* Main.storyboard in Resources */,
				A5DAB9FA1CE2745C0056D21C /* LaunchScreen.storyboard in Resources */,
				A5DAB9FC1CE2745C0056D21C /* Info.plist in Resources */,
			);
			runOnlyForDeploymentPostprocessing = 0;
		};
/* End PBXResourcesBuildPhase section */

/* Begin PBXSourcesBuildPhase section */
		8D9F848C1CDCA590001719E0 /* Sources */ = {
			isa = PBXSourcesBuildPhase;
			buildActionMask = 2147483647;
			files = (
				A5DAB9F81CE2745C0056D21C /* AppDelegate.swift in Sources */,
				A5DAB9FF1CE2745C0056D21C /* ViewController.swift in Sources */,
				A5DAB9FD1CE2745C0056D21C /* MyCustomButton.swift in Sources */,
				A5DABA001CE2745C0056D21C /* WkWebViewController.swift in Sources */,
				A5DAB9FE1CE2745C0056D21C /* UIWebViewController.swift in Sources */,
			);
			runOnlyForDeploymentPostprocessing = 0;
		};
/* End PBXSourcesBuildPhase section */

/* Begin PBXVariantGroup section */
		A5DAB9EF1CE2745C0056D21C /* LaunchScreen.storyboard */ = {
			isa = PBXVariantGroup;
			children = (
				A5DAB9F01CE2745C0056D21C /* Base */,
			);
			name = LaunchScreen.storyboard;
			sourceTree = "<group>";
		};
		A5DAB9F11CE2745C0056D21C /* Main.storyboard */ = {
			isa = PBXVariantGroup;
			children = (
				A5DAB9F21CE2745C0056D21C /* Base */,
			);
			name = Main.storyboard;
			sourceTree = "<group>";
		};
/* End PBXVariantGroup section */

/* Begin XCBuildConfiguration section */
		8D9F84A01CDCA590001719E0 /* Debug */ = {
			isa = XCBuildConfiguration;
			buildSettings = {
				ALWAYS_SEARCH_USER_PATHS = NO;
				CLANG_ANALYZER_NONNULL = YES;
				CLANG_CXX_LANGUAGE_STANDARD = "gnu++0x";
				CLANG_CXX_LIBRARY = "libc++";
				CLANG_ENABLE_MODULES = YES;
				CLANG_ENABLE_OBJC_ARC = YES;
				CLANG_WARN_BOOL_CONVERSION = YES;
				CLANG_WARN_CONSTANT_CONVERSION = YES;
				CLANG_WARN_DIRECT_OBJC_ISA_USAGE = YES_ERROR;
				CLANG_WARN_EMPTY_BODY = YES;
				CLANG_WARN_ENUM_CONVERSION = YES;
				CLANG_WARN_INT_CONVERSION = YES;
				CLANG_WARN_OBJC_ROOT_CLASS = YES_ERROR;
				CLANG_WARN_UNREACHABLE_CODE = YES;
				CLANG_WARN__DUPLICATE_METHOD_MATCH = YES;
				"CODE_SIGN_IDENTITY[sdk=iphoneos*]" = "iPhone Developer";
				COPY_PHASE_STRIP = NO;
				DEBUG_INFORMATION_FORMAT = dwarf;
				ENABLE_STRICT_OBJC_MSGSEND = YES;
				ENABLE_TESTABILITY = YES;
				GCC_C_LANGUAGE_STANDARD = gnu99;
				GCC_DYNAMIC_NO_PIC = NO;
				GCC_NO_COMMON_BLOCKS = YES;
				GCC_OPTIMIZATION_LEVEL = 0;
				GCC_PREPROCESSOR_DEFINITIONS = (
					"DEBUG=1",
					"$(inherited)",
				);
				GCC_WARN_64_TO_32_BIT_CONVERSION = YES;
				GCC_WARN_ABOUT_RETURN_TYPE = YES_ERROR;
				GCC_WARN_UNDECLARED_SELECTOR = YES;
				GCC_WARN_UNINITIALIZED_AUTOS = YES_AGGRESSIVE;
				GCC_WARN_UNUSED_FUNCTION = YES;
				GCC_WARN_UNUSED_VARIABLE = YES;
				IPHONEOS_DEPLOYMENT_TARGET = 8.0;
				MTL_ENABLE_DEBUG_INFO = YES;
				ONLY_ACTIVE_ARCH = YES;
				SDKROOT = iphoneos;
				SWIFT_OPTIMIZATION_LEVEL = "-Onone";
				TARGETED_DEVICE_FAMILY = "1,2";
			};
			name = Debug;
		};
		8D9F84A11CDCA590001719E0 /* Release */ = {
			isa = XCBuildConfiguration;
			buildSettings = {
				ALWAYS_SEARCH_USER_PATHS = NO;
				CLANG_ANALYZER_NONNULL = YES;
				CLANG_CXX_LANGUAGE_STANDARD = "gnu++0x";
				CLANG_CXX_LIBRARY = "libc++";
				CLANG_ENABLE_MODULES = YES;
				CLANG_ENABLE_OBJC_ARC = YES;
				CLANG_WARN_BOOL_CONVERSION = YES;
				CLANG_WARN_CONSTANT_CONVERSION = YES;
				CLANG_WARN_DIRECT_OBJC_ISA_USAGE = YES_ERROR;
				CLANG_WARN_EMPTY_BODY = YES;
				CLANG_WARN_ENUM_CONVERSION = YES;
				CLANG_WARN_INT_CONVERSION = YES;
				CLANG_WARN_OBJC_ROOT_CLASS = YES_ERROR;
				CLANG_WARN_UNREACHABLE_CODE = YES;
				CLANG_WARN__DUPLICATE_METHOD_MATCH = YES;
				"CODE_SIGN_IDENTITY[sdk=iphoneos*]" = "iPhone Developer";
				COPY_PHASE_STRIP = NO;
				DEBUG_INFORMATION_FORMAT = "dwarf-with-dsym";
				ENABLE_NS_ASSERTIONS = NO;
				ENABLE_STRICT_OBJC_MSGSEND = YES;
				GCC_C_LANGUAGE_STANDARD = gnu99;
				GCC_NO_COMMON_BLOCKS = YES;
				GCC_WARN_64_TO_32_BIT_CONVERSION = YES;
				GCC_WARN_ABOUT_RETURN_TYPE = YES_ERROR;
				GCC_WARN_UNDECLARED_SELECTOR = YES;
				GCC_WARN_UNINITIALIZED_AUTOS = YES_AGGRESSIVE;
				GCC_WARN_UNUSED_FUNCTION = YES;
				GCC_WARN_UNUSED_VARIABLE = YES;
				IPHONEOS_DEPLOYMENT_TARGET = 8.0;
				MTL_ENABLE_DEBUG_INFO = NO;
				SDKROOT = iphoneos;
				TARGETED_DEVICE_FAMILY = "1,2";
				VALIDATE_PRODUCT = YES;
			};
			name = Release;
		};
		8D9F84A31CDCA590001719E0 /* Debug */ = {
			isa = XCBuildConfiguration;
			buildSettings = {
				ASSETCATALOG_COMPILER_APPICON_NAME = AppIcon;
				CODE_SIGN_IDENTITY = "iPhone Developer";
				INFOPLIST_FILE = WebViewLoader/Info.plist;
				LD_RUNPATH_SEARCH_PATHS = "$(inherited) @executable_path/Frameworks";
				PRODUCT_BUNDLE_IDENTIFIER = com.synchronized.WebViewLoader;
				PRODUCT_NAME = WebViewLoader;
			};
			name = Debug;
		};
		8D9F84A41CDCA590001719E0 /* Release */ = {
			isa = XCBuildConfiguration;
			buildSettings = {
				ASSETCATALOG_COMPILER_APPICON_NAME = AppIcon;
				CODE_SIGN_IDENTITY = "iPhone Developer";
				INFOPLIST_FILE = WebViewLoader/Info.plist;
				LD_RUNPATH_SEARCH_PATHS = "$(inherited) @executable_path/Frameworks";
				PRODUCT_BUNDLE_IDENTIFIER = com.synchronized.WebViewLoader;
				PRODUCT_NAME = WebViewLoader;
			};
			name = Release;
		};
/* End XCBuildConfiguration section */

/* Begin XCConfigurationList section */
		8D9F848B1CDCA590001719E0 /* Build configuration list for PBXProject "WebViewLoader" */ = {
			isa = XCConfigurationList;
			buildConfigurations = (
				8D9F84A01CDCA590001719E0 /* Debug */,
				8D9F84A11CDCA590001719E0 /* Release */,
			);
			defaultConfigurationIsVisible = 0;
			defaultConfigurationName = Release;
		};
		8D9F84A21CDCA590001719E0 /* Build configuration list for PBXNativeTarget "WebViewLoader" */ = {
			isa = XCConfigurationList;
			buildConfigurations = (
				8D9F84A31CDCA590001719E0 /* Debug */,
				8D9F84A41CDCA590001719E0 /* Release */,
			);
			defaultConfigurationIsVisible = 0;
			defaultConfigurationName = Release;
		};
/* End XCConfigurationList section */
	};
	rootObject = 8D9F84881CDCA590001719E0 /* Project object */;
}
